[root]
name = "linked_list"
version = "0.1.0"
dependencies = [
 "collection_traits 0.1.0 (git+https://github.com/nathanfaucett/rs-collection_traits)",
]

[[package]]
name = "collection_traits"
version = "0.1.0"
source = "git+https://github.com/nathanfaucett/rs-collection_traits#e29b61b46e8fb805aa20df333acbe9036f3f7fa3"

[metadata]
"checksum collection_traits 0.1.0 (git+https://github.com/nathanfaucett/rs-collection_traits)" = "<none>"
